// !$*UTF8*$!
{
	archiveVersion = 1;
	classes = {
	};
	objectVersion = 56;
	objects = {

/* Begin PBXBuildFile section */
		03D9B2BA2AE5B29A00A43316 /* main.swift in Sources */ = {isa = PBXBuildFile; fileRef = 03D9B2B92AE5B29A00A43316 /* main.swift */; };
		03D9B2C22AE5B44D00A43316 /* CGRPCZlib in Frameworks */ = {isa = PBXBuildFile; productRef = 03D9B2C12AE5B44D00A43316 /* CGRPCZlib */; };
		03D9B2C42AE5B44D00A43316 /* GRPC in Frameworks */ = {isa = PBXBuildFile; productRef = 03D9B2C32AE5B44D00A43316 /* GRPC */; };
		03D9B2CA2AE5C9FA00A43316 /* messages.grpc.swift in Sources */ = {isa = PBXBuildFile; fileRef = 03D9B2C82AE5C9FA00A43316 /* messages.grpc.swift */; };
		03D9B2CB2AE5C9FA00A43316 /* messages.pb.swift in Sources */ = {isa = PBXBuildFile; fileRef = 03D9B2C92AE5C9FA00A43316 /* messages.pb.swift */; };
/* End PBXBuildFile section */

/* Begin PBXCopyFilesBuildPhase section */
		03D9B2B42AE5B29A00A43316 /* CopyFiles */ = {
			isa = PBXCopyFilesBuildPhase;
			buildActionMask = 2147483647;
			dstPath = /usr/share/man/man1/;
			dstSubfolderSpec = 0;
			files = (
			);
			runOnlyForDeploymentPostprocessing = 1;
		};
/* End PBXCopyFilesBuildPhase section */

/* Begin PBXFileReference section */
		03D9B2B62AE5B29A00A43316 /* proto-client-console */ = {isa = PBXFileReference; explicitFileType = "compiled.mach-o.executable"; includeInIndex = 0; path = "proto-client-console"; sourceTree = BUILT_PRODUCTS_DIR; };
		03D9B2B92AE5B29A00A43316 /* main.swift */ = {isa = PBXFileReference; lastKnownFileType = sourcecode.swift; path = main.swift; sourceTree = "<group>"; };
		03D9B2C72AE5B49000A43316 /* protobufs */ = {isa = PBXFileReference; lastKnownFileType = folder; name = protobufs; path = ../protobufs; sourceTree = "<group>"; };
		03D9B2C82AE5C9FA00A43316 /* messages.grpc.swift */ = {isa = PBXFileReference; fileEncoding = 4; lastKnownFileType = sourcecode.swift; path = messages.grpc.swift; sourceTree = "<group>"; };
		03D9B2C92AE5C9FA00A43316 /* messages.pb.swift */ = {isa = PBXFileReference; fileEncoding = 4; lastKnownFileType = sourcecode.swift; path = messages.pb.swift; sourceTree = "<group>"; };
/* End PBXFileReference section */

/* Begin PBXFrameworksBuildPhase section */
		03D9B2B32AE5B29A00A43316 /* Frameworks */ = {
			isa = PBXFrameworksBuildPhase;
			buildActionMask = 2147483647;
			files = (
				03D9B2C42AE5B44D00A43316 /* GRPC in Frameworks */,
				03D9B2C22AE5B44D00A43316 /* CGRPCZlib in Frameworks */,
			);
			runOnlyForDeploymentPostprocessing = 0;
		};
/* End PBXFrameworksBuildPhase section */

/* Begin PBXGroup section */
		03D9B2AD2AE5B29A00A43316 = {
			isa = PBXGroup;
			children = (
				03D9B2C72AE5B49000A43316 /* protobufs */,
				03D9B2B82AE5B29A00A43316 /* proto-client-console */,
				03D9B2B72AE5B29A00A43316 /* Products */,
			);
			sourceTree = "<group>";
		};
		03D9B2B72AE5B29A00A43316 /* Products */ = {
			isa = PBXGroup;
			children = (
				03D9B2B62AE5B29A00A43316 /* proto-client-console */,
			);
			name = Products;
			sourceTree = "<group>";
		};
		03D9B2B82AE5B29A00A43316 /* proto-client-console */ = {
			isa = PBXGroup;
			children = (
				03D9B2C82AE5C9FA00A43316 /* messages.grpc.swift */,
				03D9B2C92AE5C9FA00A43316 /* messages.pb.swift */,
				03D9B2B92AE5B29A00A43316 /* main.swift */,
			);
			path = "proto-client-console";
			sourceTree = "<group>";
		};
/* End PBXGroup section */

/* Begin PBXNativeTarget section */
		03D9B2B52AE5B29A00A43316 /* proto-client-console */ = {
			isa = PBXNativeTarget;
			buildConfigurationList = 03D9B2BD2AE5B29A00A43316 /* Build configuration list for PBXNativeTarget "proto-client-console" */;
			buildPhases = (
				03D9B2B22AE5B29A00A43316 /* Sources */,
				03D9B2B32AE5B29A00A43316 /* Frameworks */,
				03D9B2B42AE5B29A00A43316 /* CopyFiles */,
			);
			buildRules = (
			);
			dependencies = (
			);
			name = "proto-client-console";
			packageProductDependencies = (
				03D9B2C12AE5B44D00A43316 /* CGRPCZlib */,
				03D9B2C32AE5B44D00A43316 /* GRPC */,
			);
			productName = "proto-client-console";
			productReference = 03D9B2B62AE5B29A00A43316 /* proto-client-console */;
			productType = "com.apple.product-type.tool";
		};
/* End PBXNativeTarget section */

/* Begin PBXProject section */
		03D9B2AE2AE5B29A00A43316 /* Project object */ = {
			isa = PBXProject;
			attributes = {
				BuildIndependentTargetsInParallel = 1;
				LastSwiftUpdateCheck = 1500;
				LastUpgradeCheck = 1500;
				TargetAttributes = {
					03D9B2B52AE5B29A00A43316 = {
						CreatedOnToolsVersion = 15.0.1;
					};
				};
			};
			buildConfigurationList = 03D9B2B12AE5B29A00A43316 /* Build configuration list for PBXProject "proto-client-console" */;
			compatibilityVersion = "Xcode 14.0";
			developmentRegion = en;
			hasScannedForEncodings = 0;
			knownRegions = (
				en,
				Base,
			);
			mainGroup = 03D9B2AD2AE5B29A00A43316;
			packageReferences = (
				03D9B2C02AE5B44D00A43316 /* XCRemoteSwiftPackageReference "grpc-swift" */,
			);
			productRefGroup = 03D9B2B72AE5B29A00A43316 /* Products */;
			projectDirPath = "";
			projectRoot = "";
			targets = (
				03D9B2B52AE5B29A00A43316 /* proto-client-console */,
			);
		};
/* End PBXProject section */

/* Begin PBXSourcesBuildPhase section */
		03D9B2B22AE5B29A00A43316 /* Sources */ = {
			isa = PBXSourcesBuildPhase;
			buildActionMask = 2147483647;
			files = (
				03D9B2CA2AE5C9FA00A43316 /* messages.grpc.swift in Sources */,
				03D9B2BA2AE5B29A00A43316 /* main.swift in Sources */,
				03D9B2CB2AE5C9FA00A43316 /* messages.pb.swift in Sources */,
			);
			runOnlyForDeploymentPostprocessing = 0;
		};
/* End PBXSourcesBuildPhase section */

/* Begin XCBuildConfiguration section */
		03D9B2BB2AE5B29A00A43316 /* Debug */ = {
			isa = XCBuildConfiguration;
			buildSettings = {
				ALWAYS_SEARCH_USER_PATHS = NO;
				ASSETCATALOG_COMPILER_GENERATE_SWIFT_ASSET_SYMBOL_EXTENSIONS = YES;
				CLANG_ANALYZER_NONNULL = YES;
				CLANG_ANALYZER_NUMBER_OBJECT_CONVERSION = YES_AGGRESSIVE;
				CLANG_CXX_LANGUAGE_STANDARD = "gnu++20";
				CLANG_ENABLE_MODULES = YES;
				CLANG_ENABLE_OBJC_ARC = YES;
				CLANG_ENABLE_OBJC_WEAK = YES;
				CLANG_WARN_BLOCK_CAPTURE_AUTORELEASING = YES;
				CLANG_WARN_BOOL_CONVERSION = YES;
				CLANG_WARN_COMMA = YES;
				CLANG_WARN_CONSTANT_CONVERSION = YES;
				CLANG_WARN_DEPRECATED_OBJC_IMPLEMENTATIONS = YES;
				CLANG_WARN_DIRECT_OBJC_ISA_USAGE = YES_ERROR;
				CLANG_WARN_DOCUMENTATION_COMMENTS = YES;
				CLANG_WARN_EMPTY_BODY = YES;
				CLANG_WARN_ENUM_CONVERSION = YES;
				CLANG_WARN_INFINITE_RECURSION = YES;
				CLANG_WARN_INT_CONVERSION = YES;
				CLANG_WARN_NON_LITERAL_NULL_CONVERSION = YES;
				CLANG_WARN_OBJC_IMPLICIT_RETAIN_SELF = YES;
				CLANG_WARN_OBJC_LITERAL_CONVERSION = YES;
				CLANG_WARN_OBJC_ROOT_CLASS = YES_ERROR;
				CLANG_WARN_QUOTED_INCLUDE_IN_FRAMEWORK_HEADER = YES;
				CLANG_WARN_RANGE_LOOP_ANALYSIS = YES;
				CLANG_WARN_STRICT_PROTOTYPES = YES;
				CLANG_WARN_SUSPICIOUS_MOVE = YES;
				CLANG_WARN_UNGUARDED_AVAILABILITY = YES_AGGRESSIVE;
				CLANG_WARN_UNREACHABLE_CODE = YES;
				CLANG_WARN__DUPLICATE_METHOD_MATCH = YES;
				COPY_PHASE_STRIP = NO;
				DEBUG_INFORMATION_FORMAT = dwarf;
				ENABLE_STRICT_OBJC_MSGSEND = YES;
				ENABLE_TESTABILITY = YES;
				ENABLE_USER_SCRIPT_SANDBOXING = YES;
				GCC_C_LANGUAGE_STANDARD = gnu17;
				GCC_DYNAMIC_NO_PIC = NO;
				GCC_NO_COMMON_BLOCKS = YES;
				GCC_OPTIMIZATION_LEVEL = 0;
				GCC_PREPROCESSOR_DEFINITIONS = (
					"DEBUG=1",
					"$(inherited)",
				);
				GCC_WARN_64_TO_32_BIT_CONVERSION = YES;
				GCC_WARN_ABOUT_RETURN_TYPE = YES_ERROR;
				GCC_WARN_UNDECLARED_SELECTOR = YES;
				GCC_WARN_UNINITIALIZED_AUTOS = YES_AGGRESSIVE;
				GCC_WARN_UNUSED_FUNCTION = YES;
				GCC_WARN_UNUSED_VARIABLE = YES;
				LOCALIZATION_PREFERS_STRING_CATALOGS = YES;
				MACOSX_DEPLOYMENT_TARGET = 13.6;
				MTL_ENABLE_DEBUG_INFO = INCLUDE_SOURCE;
				MTL_FAST_MATH = YES;
				ONLY_ACTIVE_ARCH = YES;
				SDKROOT = macosx;
				SWIFT_ACTIVE_COMPILATION_CONDITIONS = "DEBUG $(inherited)";
				SWIFT_OPTIMIZATION_LEVEL = "-Onone";
			};
			name = Debug;
		};
		03D9B2BC2AE5B29A00A43316 /* Release */ = {
			isa = XCBuildConfiguration;
			buildSettings = {
				ALWAYS_SEARCH_USER_PATHS = NO;
				ASSETCATALOG_COMPILER_GENERATE_SWIFT_ASSET_SYMBOL_EXTENSIONS = YES;
				CLANG_ANALYZER_NONNULL = YES;
				CLANG_ANALYZER_NUMBER_OBJECT_CONVERSION = YES_AGGRESSIVE;
				CLANG_CXX_LANGUAGE_STANDARD = "gnu++20";
				CLANG_ENABLE_MODULES = YES;
				CLANG_ENABLE_OBJC_ARC = YES;
				CLANG_ENABLE_OBJC_WEAK = YES;
				CLANG_WARN_BLOCK_CAPTURE_AUTORELEASING = YES;
				CLANG_WARN_BOOL_CONVERSION = YES;
				CLANG_WARN_COMMA = YES;
				CLANG_WARN_CONSTANT_CONVERSION = YES;
				CLANG_WARN_DEPRECATED_OBJC_IMPLEMENTATIONS = YES;
				CLANG_WARN_DIRECT_OBJC_ISA_USAGE = YES_ERROR;
				CLANG_WARN_DOCUMENTATION_COMMENTS = YES;
				CLANG_WARN_EMPTY_BODY = YES;
				CLANG_WARN_ENUM_CONVERSION = YES;
				CLANG_WARN_INFINITE_RECURSION = YES;
				CLANG_WARN_INT_CONVERSION = YES;
				CLANG_WARN_NON_LITERAL_NULL_CONVERSION = YES;
				CLANG_WARN_OBJC_IMPLICIT_RETAIN_SELF = YES;
				CLANG_WARN_OBJC_LITERAL_CONVERSION = YES;
				CLANG_WARN_OBJC_ROOT_CLASS = YES_ERROR;
				CLANG_WARN_QUOTED_INCLUDE_IN_FRAMEWORK_HEADER = YES;
				CLANG_WARN_RANGE_LOOP_ANALYSIS = YES;
				CLANG_WARN_STRICT_PROTOTYPES = YES;
				CLANG_WARN_SUSPICIOUS_MOVE = YES;
				CLANG_WARN_UNGUARDED_AVAILABILITY = YES_AGGRESSIVE;
				CLANG_WARN_UNREACHABLE_CODE = YES;
				CLANG_WARN__DUPLICATE_METHOD_MATCH = YES;
				COPY_PHASE_STRIP = NO;
				DEBUG_INFORMATION_FORMAT = "dwarf-with-dsym";
				ENABLE_NS_ASSERTIONS = NO;
				ENABLE_STRICT_OBJC_MSGSEND = YES;
				ENABLE_USER_SCRIPT_SANDBOXING = YES;
				GCC_C_LANGUAGE_STANDARD = gnu17;
				GCC_NO_COMMON_BLOCKS = YES;
				GCC_WARN_64_TO_32_BIT_CONVERSION = YES;
				GCC_WARN_ABOUT_RETURN_TYPE = YES_ERROR;
				GCC_WARN_UNDECLARED_SELECTOR = YES;
				GCC_WARN_UNINITIALIZED_AUTOS = YES_AGGRESSIVE;
				GCC_WARN_UNUSED_FUNCTION = YES;
				GCC_WARN_UNUSED_VARIABLE = YES;
				LOCALIZATION_PREFERS_STRING_CATALOGS = YES;
				MACOSX_DEPLOYMENT_TARGET = 13.6;
				MTL_ENABLE_DEBUG_INFO = NO;
				MTL_FAST_MATH = YES;
				SDKROOT = macosx;
				SWIFT_COMPILATION_MODE = wholemodule;
			};
			name = Release;
		};
		03D9B2BE2AE5B29A00A43316 /* Debug */ = {
			isa = XCBuildConfiguration;
			buildSettings = {
				CODE_SIGN_STYLE = Automatic;
				PRODUCT_NAME = "$(TARGET_NAME)";
				SWIFT_VERSION = 5.0;
			};
			name = Debug;
		};
		03D9B2BF2AE5B29A00A43316 /* Release */ = {
			isa = XCBuildConfiguration;
			buildSettings = {
				CODE_SIGN_STYLE = Automatic;
				PRODUCT_NAME = "$(TARGET_NAME)";
				SWIFT_VERSION = 5.0;
			};
			name = Release;
		};
/* End XCBuildConfiguration section */

/* Begin XCConfigurationList section */
		03D9B2B12AE5B29A00A43316 /* Build configuration list for PBXProject "proto-client-console" */ = {
			isa = XCConfigurationList;
			buildConfigurations = (
				03D9B2BB2AE5B29A00A43316 /* Debug */,
				03D9B2BC2AE5B29A00A43316 /* Release */,
			);
			defaultConfigurationIsVisible = 0;
			defaultConfigurationName = Release;
		};
		03D9B2BD2AE5B29A00A43316 /* Build configuration list for PBXNativeTarget "proto-client-console" */ = {
			isa = XCConfigurationList;
			buildConfigurations = (
				03D9B2BE2AE5B29A00A43316 /* Debug */,
				03D9B2BF2AE5B29A00A43316 /* Release */,
			);
			defaultConfigurationIsVisible = 0;
			defaultConfigurationName = Release;
		};
/* End XCConfigurationList section */

/* Begin XCRemoteSwiftPackageReference section */
		03D9B2C02AE5B44D00A43316 /* XCRemoteSwiftPackageReference "grpc-swift" */ = {
			isa = XCRemoteSwiftPackageReference;
			repositoryURL = "https://github.com/grpc/grpc-swift.git";
			requirement = {
				kind = upToNextMinorVersion;
				minimumVersion = 1.19.1;
			};
		};
/* End XCRemoteSwiftPackageReference section */

/* Begin XCSwiftPackageProductDependency section */
		03D9B2C12AE5B44D00A43316 /* CGRPCZlib */ = {
			isa = XCSwiftPackageProductDependency;
			package = 03D9B2C02AE5B44D00A43316 /* XCRemoteSwiftPackageReference "grpc-swift" */;
			productName = CGRPCZlib;
		};
		03D9B2C32AE5B44D00A43316 /* GRPC */ = {
			isa = XCSwiftPackageProductDependency;
			package = 03D9B2C02AE5B44D00A43316 /* XCRemoteSwiftPackageReference "grpc-swift" */;
			productName = GRPC;
		};
/* End XCSwiftPackageProductDependency section */
	};
	rootObject = 03D9B2AE2AE5B29A00A43316 /* Project object */;
}
